// !$*UTF8*$!
{
	archiveVersion = 1;
	classes = {
	};
	objectVersion = 46;
	objects = {

/* Begin PBXBuildFile section */
		87259FE1183246BF00DBEEF3 /* AdaBoost.cpp in Sources */ = {isa = PBXBuildFile; fileRef = 87259FDF183246BF00DBEEF3 /* AdaBoost.cpp */; };
		87259FE4183246F600DBEEF3 /* AdaBoostResult.cpp in Sources */ = {isa = PBXBuildFile; fileRef = 87259FE2183246F600DBEEF3 /* AdaBoostResult.cpp */; };
		87259FE71832472C00DBEEF3 /* WeakClassifier.cpp in Sources */ = {isa = PBXBuildFile; fileRef = 87259FE51832472C00DBEEF3 /* WeakClassifier.cpp */; };
		87259FEA1832475900DBEEF3 /* StrongClassifier.cpp in Sources */ = {isa = PBXBuildFile; fileRef = 87259FE81832475900DBEEF3 /* StrongClassifier.cpp */; };
		87259FED1832479A00DBEEF3 /* Sample.cpp in Sources */ = {isa = PBXBuildFile; fileRef = 87259FEB1832479A00DBEEF3 /* Sample.cpp */; };
		87259FF01837C9CD00DBEEF3 /* ObjectDetector.cpp in Sources */ = {isa = PBXBuildFile; fileRef = 87259FEE1837C9CC00DBEEF3 /* ObjectDetector.cpp */; };
		87259FF31837D1EB00DBEEF3 /* TextDetector.cpp in Sources */ = {isa = PBXBuildFile; fileRef = 87259FF11837D1EA00DBEEF3 /* TextDetector.cpp */; };
		874F6890182AF6E5004FA324 /* Controller.m in Sources */ = {isa = PBXBuildFile; fileRef = 875D4A0D182A11C000495344 /* Controller.m */; };
		874F6891182AF6EC004FA324 /* XmlMaker.m in Sources */ = {isa = PBXBuildFile; fileRef = 875D4A1F182A122700495344 /* XmlMaker.m */; };
		874F6892182AF6F1004FA324 /* Truth.m in Sources */ = {isa = PBXBuildFile; fileRef = 875D4A1D182A122700495344 /* Truth.m */; };
		874F6893182AF714004FA324 /* Model.m in Sources */ = {isa = PBXBuildFile; fileRef = 875D4A1B182A121D00495344 /* Model.m */; };
		874F6894182AF722004FA324 /* FileDialogController.m in Sources */ = {isa = PBXBuildFile; fileRef = 875D4A0F182A11CF00495344 /* FileDialogController.m */; };
		874F6895182AF729004FA324 /* ImgView.m in Sources */ = {isa = PBXBuildFile; fileRef = 875D4A11182A11EE00495344 /* ImgView.m */; };
		874F6896182AF72E004FA324 /* RectView.m in Sources */ = {isa = PBXBuildFile; fileRef = 875D4A15182A11F600495344 /* RectView.m */; };
		874F6897182AF731004FA324 /* InputView.m in Sources */ = {isa = PBXBuildFile; fileRef = 875D4A13182A11EE00495344 /* InputView.m */; };
		874F6898182AF738004FA324 /* Processor.mm in Sources */ = {isa = PBXBuildFile; fileRef = 875D4A17182A120300495344 /* Processor.mm */; };
		874F689C182AFEBD004FA324 /* Object.cpp in Sources */ = {isa = PBXBuildFile; fileRef = 874F689A182AFEBD004FA324 /* Object.cpp */; };
		874F689F182AFECD004FA324 /* Text.cpp in Sources */ = {isa = PBXBuildFile; fileRef = 874F689D182AFECD004FA324 /* Text.cpp */; };
		874F68A7182F88AC004FA324 /* MSERegion.cpp in Sources */ = {isa = PBXBuildFile; fileRef = 874F68A4182F873A004FA324 /* MSERegion.cpp */; };
		875D49E1182A106B00495344 /* Cocoa.framework in Frameworks */ = {isa = PBXBuildFile; fileRef = 875D49E0182A106B00495344 /* Cocoa.framework */; };
		875D49EB182A106B00495344 /* InfoPlist.strings in Resources */ = {isa = PBXBuildFile; fileRef = 875D49E9182A106B00495344 /* InfoPlist.strings */; };
		875D49ED182A106B00495344 /* main.m in Sources */ = {isa = PBXBuildFile; fileRef = 875D49EC182A106B00495344 /* main.m */; };
		875D49F1182A106B00495344 /* Credits.rtf in Resources */ = {isa = PBXBuildFile; fileRef = 875D49EF182A106B00495344 /* Credits.rtf */; };
		875D49F4182A106B00495344 /* AppDelegate.m in Sources */ = {isa = PBXBuildFile; fileRef = 875D49F3182A106B00495344 /* AppDelegate.m */; };
		875D49F7182A106B00495344 /* MainMenu.xib in Resources */ = {isa = PBXBuildFile; fileRef = 875D49F5182A106B00495344 /* MainMenu.xib */; };
		875D49FA182A106B00495344 /* ActiveLearner.xcdatamodeld in Sources */ = {isa = PBXBuildFile; fileRef = 875D49F8182A106B00495344 /* ActiveLearner.xcdatamodeld */; };
		875D4A09182A112F00495344 /* libopencv_core.2.4.5.dylib in Frameworks */ = {isa = PBXBuildFile; fileRef = 875D4A06182A112F00495344 /* libopencv_core.2.4.5.dylib */; };
		875D4A0A182A112F00495344 /* libopencv_highgui.2.4.5.dylib in Frameworks */ = {isa = PBXBuildFile; fileRef = 875D4A07182A112F00495344 /* libopencv_highgui.2.4.5.dylib */; };
		875D4A0B182A112F00495344 /* libopencv_imgproc.2.4.5.dylib in Frameworks */ = {isa = PBXBuildFile; fileRef = 875D4A08182A112F00495344 /* libopencv_imgproc.2.4.5.dylib */; };
		FE46B395182A362C0070725A /* Mycv.cpp in Sources */ = {isa = PBXBuildFile; fileRef = FE46B393182A362C0070725A /* Mycv.cpp */; };
		FE46B398182A36B00070725A /* Draw.cpp in Sources */ = {isa = PBXBuildFile; fileRef = FE46B396182A36B00070725A /* Draw.cpp */; };
		FEBDFFD41834F3D90037BC64 /* libopencv_features2d.2.4.5.dylib in Frameworks */ = {isa = PBXBuildFile; fileRef = FEBDFFD21834F3D90037BC64 /* libopencv_features2d.2.4.5.dylib */; };
		FEBDFFD51834F3D90037BC64 /* libopencv_nonfree.2.4.5.dylib in Frameworks */ = {isa = PBXBuildFile; fileRef = FEBDFFD31834F3D90037BC64 /* libopencv_nonfree.2.4.5.dylib */; };
/* End PBXBuildFile section */

/* Begin PBXFileReference section */
		87259FDF183246BF00DBEEF3 /* AdaBoost.cpp */ = {isa = PBXFileReference; fileEncoding = 4; lastKnownFileType = sourcecode.cpp.cpp; path = AdaBoost.cpp; sourceTree = "<group>"; };
		87259FE0183246BF00DBEEF3 /* AdaBoost.h */ = {isa = PBXFileReference; fileEncoding = 4; lastKnownFileType = sourcecode.c.h; path = AdaBoost.h; sourceTree = "<group>"; };
		87259FE2183246F600DBEEF3 /* AdaBoostResult.cpp */ = {isa = PBXFileReference; fileEncoding = 4; lastKnownFileType = sourcecode.cpp.cpp; path = AdaBoostResult.cpp; sourceTree = "<group>"; };
		87259FE3183246F600DBEEF3 /* AdaBoostResult.h */ = {isa = PBXFileReference; fileEncoding = 4; lastKnownFileType = sourcecode.c.h; path = AdaBoostResult.h; sourceTree = "<group>"; };
		87259FE51832472C00DBEEF3 /* WeakClassifier.cpp */ = {isa = PBXFileReference; fileEncoding = 4; lastKnownFileType = sourcecode.cpp.cpp; path = WeakClassifier.cpp; sourceTree = "<group>"; };
		87259FE61832472C00DBEEF3 /* WeakClassifier.h */ = {isa = PBXFileReference; fileEncoding = 4; lastKnownFileType = sourcecode.c.h; path = WeakClassifier.h; sourceTree = "<group>"; };
		87259FE81832475900DBEEF3 /* StrongClassifier.cpp */ = {isa = PBXFileReference; fileEncoding = 4; lastKnownFileType = sourcecode.cpp.cpp; path = StrongClassifier.cpp; sourceTree = "<group>"; };
		87259FE91832475900DBEEF3 /* StrongClassifier.h */ = {isa = PBXFileReference; fileEncoding = 4; lastKnownFileType = sourcecode.c.h; path = StrongClassifier.h; sourceTree = "<group>"; };
		87259FEB1832479A00DBEEF3 /* Sample.cpp */ = {isa = PBXFileReference; fileEncoding = 4; lastKnownFileType = sourcecode.cpp.cpp; path = Sample.cpp; sourceTree = "<group>"; };
		87259FEC1832479A00DBEEF3 /* Sample.h */ = {isa = PBXFileReference; fileEncoding = 4; lastKnownFileType = sourcecode.c.h; path = Sample.h; sourceTree = "<group>"; };
		87259FEE1837C9CC00DBEEF3 /* ObjectDetector.cpp */ = {isa = PBXFileReference; fileEncoding = 4; lastKnownFileType = sourcecode.cpp.cpp; path = ObjectDetector.cpp; sourceTree = "<group>"; };
		87259FEF1837C9CD00DBEEF3 /* ObjectDetector.h */ = {isa = PBXFileReference; fileEncoding = 4; lastKnownFileType = sourcecode.c.h; path = ObjectDetector.h; sourceTree = "<group>"; };
		87259FF11837D1EA00DBEEF3 /* TextDetector.cpp */ = {isa = PBXFileReference; fileEncoding = 4; lastKnownFileType = sourcecode.cpp.cpp; path = TextDetector.cpp; sourceTree = "<group>"; };
		87259FF21837D1EB00DBEEF3 /* TextDetector.h */ = {isa = PBXFileReference; fileEncoding = 4; lastKnownFileType = sourcecode.c.h; path = TextDetector.h; sourceTree = "<group>"; };
		874F689A182AFEBD004FA324 /* Object.cpp */ = {isa = PBXFileReference; fileEncoding = 4; lastKnownFileType = sourcecode.cpp.cpp; path = Object.cpp; sourceTree = "<group>"; };
		874F689B182AFEBD004FA324 /* Object.h */ = {isa = PBXFileReference; fileEncoding = 4; lastKnownFileType = sourcecode.c.h; path = Object.h; sourceTree = "<group>"; };
		874F689D182AFECD004FA324 /* Text.cpp */ = {isa = PBXFileReference; fileEncoding = 4; lastKnownFileType = sourcecode.cpp.cpp; path = Text.cpp; sourceTree = "<group>"; };
		874F689E182AFECD004FA324 /* Text.h */ = {isa = PBXFileReference; fileEncoding = 4; lastKnownFileType = sourcecode.c.h; path = Text.h; sourceTree = "<group>"; };
		874F68A4182F873A004FA324 /* MSERegion.cpp */ = {isa = PBXFileReference; fileEncoding = 4; lastKnownFileType = sourcecode.cpp.cpp; path = MSERegion.cpp; sourceTree = "<group>"; };
		874F68A5182F873A004FA324 /* MSERegion.h */ = {isa = PBXFileReference; fileEncoding = 4; lastKnownFileType = sourcecode.c.h; path = MSERegion.h; sourceTree = "<group>"; };
		875D49DD182A106B00495344 /* ActiveLearner.app */ = {isa = PBXFileReference; explicitFileType = wrapper.application; includeInIndex = 0; path = ActiveLearner.app; sourceTree = BUILT_PRODUCTS_DIR; };
		875D49E0182A106B00495344 /* Cocoa.framework */ = {isa = PBXFileReference; lastKnownFileType = wrapper.framework; name = Cocoa.framework; path = System/Library/Frameworks/Cocoa.framework; sourceTree = SDKROOT; };
		875D49E3182A106B00495344 /* AppKit.framework */ = {isa = PBXFileReference; lastKnownFileType = wrapper.framework; name = AppKit.framework; path = System/Library/Frameworks/AppKit.framework; sourceTree = SDKROOT; };
		875D49E4182A106B00495344 /* CoreData.framework */ = {isa = PBXFileReference; lastKnownFileType = wrapper.framework; name = CoreData.framework; path = System/Library/Frameworks/CoreData.framework; sourceTree = SDKROOT; };
		875D49E5182A106B00495344 /* Foundation.framework */ = {isa = PBXFileReference; lastKnownFileType = wrapper.framework; name = Foundation.framework; path = System/Library/Frameworks/Foundation.framework; sourceTree = SDKROOT; };
		875D49E8182A106B00495344 /* ActiveLearner-Info.plist */ = {isa = PBXFileReference; lastKnownFileType = text.plist.xml; path = "ActiveLearner-Info.plist"; sourceTree = "<group>"; };
		875D49EA182A106B00495344 /* en */ = {isa = PBXFileReference; lastKnownFileType = text.plist.strings; name = en; path = en.lproj/InfoPlist.strings; sourceTree = "<group>"; };
		875D49EC182A106B00495344 /* main.m */ = {isa = PBXFileReference; lastKnownFileType = sourcecode.c.objc; path = main.m; sourceTree = "<group>"; };
		875D49EE182A106B00495344 /* ActiveLearner-Prefix.pch */ = {isa = PBXFileReference; lastKnownFileType = sourcecode.c.h; path = "ActiveLearner-Prefix.pch"; sourceTree = "<group>"; };
		875D49F0182A106B00495344 /* en */ = {isa = PBXFileReference; lastKnownFileType = text.rtf; name = en; path = en.lproj/Credits.rtf; sourceTree = "<group>"; };
		875D49F2182A106B00495344 /* AppDelegate.h */ = {isa = PBXFileReference; lastKnownFileType = sourcecode.c.h; path = AppDelegate.h; sourceTree = "<group>"; };
		875D49F3182A106B00495344 /* AppDelegate.m */ = {isa = PBXFileReference; lastKnownFileType = sourcecode.c.objc; path = AppDelegate.m; sourceTree = "<group>"; };
		875D49F6182A106B00495344 /* en */ = {isa = PBXFileReference; lastKnownFileType = file.xib; name = en; path = en.lproj/MainMenu.xib; sourceTree = "<group>"; };
		875D49F9182A106B00495344 /* ActiveLearner.xcdatamodel */ = {isa = PBXFileReference; lastKnownFileType = wrapper.xcdatamodel; path = ActiveLearner.xcdatamodel; sourceTree = "<group>"; };
		875D4A05182A10EE00495344 /* AppConstants.h */ = {isa = PBXFileReference; lastKnownFileType = sourcecode.c.h; path = AppConstants.h; sourceTree = "<group>"; };
		875D4A06182A112F00495344 /* libopencv_core.2.4.5.dylib */ = {isa = PBXFileReference; lastKnownFileType = "compiled.mach-o.dylib"; path = libopencv_core.2.4.5.dylib; sourceTree = "<group>"; };
		875D4A07182A112F00495344 /* libopencv_highgui.2.4.5.dylib */ = {isa = PBXFileReference; lastKnownFileType = "compiled.mach-o.dylib"; path = libopencv_highgui.2.4.5.dylib; sourceTree = "<group>"; };
		875D4A08182A112F00495344 /* libopencv_imgproc.2.4.5.dylib */ = {isa = PBXFileReference; lastKnownFileType = "compiled.mach-o.dylib"; path = libopencv_imgproc.2.4.5.dylib; sourceTree = "<group>"; };
		875D4A0C182A11C000495344 /* Controller.h */ = {isa = PBXFileReference; lastKnownFileType = sourcecode.c.h; path = Controller.h; sourceTree = "<group>"; };
		875D4A0D182A11C000495344 /* Controller.m */ = {isa = PBXFileReference; lastKnownFileType = sourcecode.c.objc; path = Controller.m; sourceTree = "<group>"; };
		875D4A0E182A11CF00495344 /* FileDialogController.h */ = {isa = PBXFileReference; lastKnownFileType = sourcecode.c.h; path = FileDialogController.h; sourceTree = "<group>"; };
		875D4A0F182A11CF00495344 /* FileDialogController.m */ = {isa = PBXFileReference; lastKnownFileType = sourcecode.c.objc; path = FileDialogController.m; sourceTree = "<group>"; };
		875D4A10182A11EE00495344 /* ImgView.h */ = {isa = PBXFileReference; lastKnownFileType = sourcecode.c.h; path = ImgView.h; sourceTree = "<group>"; };
		875D4A11182A11EE00495344 /* ImgView.m */ = {isa = PBXFileReference; lastKnownFileType = sourcecode.c.objc; path = ImgView.m; sourceTree = "<group>"; };
		875D4A12182A11EE00495344 /* InputView.h */ = {isa = PBXFileReference; lastKnownFileType = sourcecode.c.h; path = InputView.h; sourceTree = "<group>"; };
		875D4A13182A11EE00495344 /* InputView.m */ = {isa = PBXFileReference; lastKnownFileType = sourcecode.c.objc; path = InputView.m; sourceTree = "<group>"; };
		875D4A14182A11F600495344 /* RectView.h */ = {isa = PBXFileReference; lastKnownFileType = sourcecode.c.h; path = RectView.h; sourceTree = "<group>"; };
		875D4A15182A11F600495344 /* RectView.m */ = {isa = PBXFileReference; lastKnownFileType = sourcecode.c.objc; path = RectView.m; sourceTree = "<group>"; };
		875D4A16182A120300495344 /* Processor.h */ = {isa = PBXFileReference; lastKnownFileType = sourcecode.c.h; path = Processor.h; sourceTree = "<group>"; };
		875D4A17182A120300495344 /* Processor.mm */ = {isa = PBXFileReference; lastKnownFileType = sourcecode.cpp.objcpp; path = Processor.mm; sourceTree = "<group>"; };
		875D4A1A182A121D00495344 /* Model.h */ = {isa = PBXFileReference; lastKnownFileType = sourcecode.c.h; path = Model.h; sourceTree = "<group>"; };
		875D4A1B182A121D00495344 /* Model.m */ = {isa = PBXFileReference; lastKnownFileType = sourcecode.c.objc; path = Model.m; sourceTree = "<group>"; };
		875D4A1C182A122700495344 /* Truth.h */ = {isa = PBXFileReference; lastKnownFileType = sourcecode.c.h; path = Truth.h; sourceTree = "<group>"; };
		875D4A1D182A122700495344 /* Truth.m */ = {isa = PBXFileReference; lastKnownFileType = sourcecode.c.objc; path = Truth.m; sourceTree = "<group>"; };
		875D4A1E182A122700495344 /* XmlMaker.h */ = {isa = PBXFileReference; lastKnownFileType = sourcecode.c.h; path = XmlMaker.h; sourceTree = "<group>"; };
		875D4A1F182A122700495344 /* XmlMaker.m */ = {isa = PBXFileReference; lastKnownFileType = sourcecode.c.objc; path = XmlMaker.m; sourceTree = "<group>"; };
		878D27C61830B172002F1EB0 /* CppConstants.h */ = {isa = PBXFileReference; lastKnownFileType = sourcecode.c.h; path = CppConstants.h; sourceTree = "<group>"; };
		FE46B393182A362C0070725A /* Mycv.cpp */ = {isa = PBXFileReference; fileEncoding = 4; lastKnownFileType = sourcecode.cpp.cpp; path = Mycv.cpp; sourceTree = "<group>"; };
		FE46B394182A362C0070725A /* Mycv.h */ = {isa = PBXFileReference; fileEncoding = 4; lastKnownFileType = sourcecode.c.h; path = Mycv.h; sourceTree = "<group>"; };
		FE46B396182A36B00070725A /* Draw.cpp */ = {isa = PBXFileReference; fileEncoding = 4; lastKnownFileType = sourcecode.cpp.cpp; path = Draw.cpp; sourceTree = "<group>"; };
		FE46B397182A36B00070725A /* Draw.h */ = {isa = PBXFileReference; fileEncoding = 4; lastKnownFileType = sourcecode.c.h; path = Draw.h; sourceTree = "<group>"; };
		FEBDFFD21834F3D90037BC64 /* libopencv_features2d.2.4.5.dylib */ = {isa = PBXFileReference; lastKnownFileType = "compiled.mach-o.dylib"; path = libopencv_features2d.2.4.5.dylib; sourceTree = "<group>"; };
		FEBDFFD31834F3D90037BC64 /* libopencv_nonfree.2.4.5.dylib */ = {isa = PBXFileReference; lastKnownFileType = "compiled.mach-o.dylib"; path = libopencv_nonfree.2.4.5.dylib; sourceTree = "<group>"; };
/* End PBXFileReference section */

/* Begin PBXFrameworksBuildPhase section */
		875D49DA182A106B00495344 /* Frameworks */ = {
			isa = PBXFrameworksBuildPhase;
			buildActionMask = 2147483647;
			files = (
				FEBDFFD41834F3D90037BC64 /* libopencv_features2d.2.4.5.dylib in Frameworks */,
				FEBDFFD51834F3D90037BC64 /* libopencv_nonfree.2.4.5.dylib in Frameworks */,
				875D4A09182A112F00495344 /* libopencv_core.2.4.5.dylib in Frameworks */,
				875D4A0A182A112F00495344 /* libopencv_highgui.2.4.5.dylib in Frameworks */,
				875D4A0B182A112F00495344 /* libopencv_imgproc.2.4.5.dylib in Frameworks */,
				875D49E1182A106B00495344 /* Cocoa.framework in Frameworks */,
			);
			runOnlyForDeploymentPostprocessing = 0;
		};
/* End PBXFrameworksBuildPhase section */

/* Begin PBXGroup section */
		875D49D4182A106B00495344 = {
			isa = PBXGroup;
			children = (
				875D49E6182A106B00495344 /* ActiveLearner */,
				875D49DF182A106B00495344 /* Frameworks */,
				875D49DE182A106B00495344 /* Products */,
			);
			sourceTree = "<group>";
		};
		875D49DE182A106B00495344 /* Products */ = {
			isa = PBXGroup;
			children = (
				875D49DD182A106B00495344 /* ActiveLearner.app */,
			);
			name = Products;
			sourceTree = "<group>";
		};
		875D49DF182A106B00495344 /* Frameworks */ = {
			isa = PBXGroup;
			children = (
				875D4A06182A112F00495344 /* libopencv_core.2.4.5.dylib */,
				875D4A07182A112F00495344 /* libopencv_highgui.2.4.5.dylib */,
				FEBDFFD21834F3D90037BC64 /* libopencv_features2d.2.4.5.dylib */,
				FEBDFFD31834F3D90037BC64 /* libopencv_nonfree.2.4.5.dylib */,
				875D4A08182A112F00495344 /* libopencv_imgproc.2.4.5.dylib */,
				875D49E0182A106B00495344 /* Cocoa.framework */,
				875D49E2182A106B00495344 /* Other Frameworks */,
			);
			name = Frameworks;
			sourceTree = "<group>";
		};
		875D49E2182A106B00495344 /* Other Frameworks */ = {
			isa = PBXGroup;
			children = (
				875D49E3182A106B00495344 /* AppKit.framework */,
				875D49E4182A106B00495344 /* CoreData.framework */,
				875D49E5182A106B00495344 /* Foundation.framework */,
			);
			name = "Other Frameworks";
			sourceTree = "<group>";
		};
		875D49E6182A106B00495344 /* ActiveLearner */ = {
			isa = PBXGroup;
			children = (
				875D4A05182A10EE00495344 /* AppConstants.h */,
				875D49F2182A106B00495344 /* AppDelegate.h */,
				875D49F3182A106B00495344 /* AppDelegate.m */,
				875D49F5182A106B00495344 /* MainMenu.xib */,
				875D4A02182A10C100495344 /* Utilities */,
				875D4A01182A10BB00495344 /* Controllers */,
				875D4A00182A10B500495344 /* Views */,
				875D4A03182A10C900495344 /* Processors */,
				875D49F8182A106B00495344 /* ActiveLearner.xcdatamodeld */,
				875D49E7182A106B00495344 /* Supporting Files */,
			);
			path = ActiveLearner;
			sourceTree = "<group>";
		};
		875D49E7182A106B00495344 /* Supporting Files */ = {
			isa = PBXGroup;
			children = (
				875D49E8182A106B00495344 /* ActiveLearner-Info.plist */,
				875D49E9182A106B00495344 /* InfoPlist.strings */,
				875D49EC182A106B00495344 /* main.m */,
				875D49EE182A106B00495344 /* ActiveLearner-Prefix.pch */,
				875D49EF182A106B00495344 /* Credits.rtf */,
			);
			name = "Supporting Files";
			sourceTree = "<group>";
		};
		875D4A00182A10B500495344 /* Views */ = {
			isa = PBXGroup;
			children = (
				875D4A10182A11EE00495344 /* ImgView.h */,
				875D4A11182A11EE00495344 /* ImgView.m */,
				875D4A14182A11F600495344 /* RectView.h */,
				875D4A15182A11F600495344 /* RectView.m */,
				875D4A12182A11EE00495344 /* InputView.h */,
				875D4A13182A11EE00495344 /* InputView.m */,
			);
			name = Views;
			sourceTree = "<group>";
		};
		875D4A01182A10BB00495344 /* Controllers */ = {
			isa = PBXGroup;
			children = (
				875D4A0C182A11C000495344 /* Controller.h */,
				875D4A0D182A11C000495344 /* Controller.m */,
				875D4A0E182A11CF00495344 /* FileDialogController.h */,
				875D4A0F182A11CF00495344 /* FileDialogController.m */,
			);
			name = Controllers;
			sourceTree = "<group>";
		};
		875D4A02182A10C100495344 /* Utilities */ = {
			isa = PBXGroup;
			children = (
				875D4A1A182A121D00495344 /* Model.h */,
				875D4A1B182A121D00495344 /* Model.m */,
				875D4A1C182A122700495344 /* Truth.h */,
				875D4A1D182A122700495344 /* Truth.m */,
				875D4A1E182A122700495344 /* XmlMaker.h */,
				875D4A1F182A122700495344 /* XmlMaker.m */,
			);
			name = Utilities;
			sourceTree = "<group>";
		};
		875D4A03182A10C900495344 /* Processors */ = {
			isa = PBXGroup;
			children = (
				878D27C61830B172002F1EB0 /* CppConstants.h */,
				875D4A16182A120300495344 /* Processor.h */,
				875D4A17182A120300495344 /* Processor.mm */,
				FEBDFFD6183511F20037BC64 /* CVMethods */,
				875D4A04182A10D300495344 /* AdaBoost */,
			);
			name = Processors;
			sourceTree = "<group>";
		};
		875D4A04182A10D300495344 /* AdaBoost */ = {
			isa = PBXGroup;
			children = (
				87259FE0183246BF00DBEEF3 /* AdaBoost.h */,
				87259FDF183246BF00DBEEF3 /* AdaBoost.cpp */,
				87259FE3183246F600DBEEF3 /* AdaBoostResult.h */,
				87259FE2183246F600DBEEF3 /* AdaBoostResult.cpp */,
				87259FE61832472C00DBEEF3 /* WeakClassifier.h */,
				87259FE51832472C00DBEEF3 /* WeakClassifier.cpp */,
				87259FE91832475900DBEEF3 /* StrongClassifier.h */,
				87259FE81832475900DBEEF3 /* StrongClassifier.cpp */,
				87259FEC1832479A00DBEEF3 /* Sample.h */,
				87259FEB1832479A00DBEEF3 /* Sample.cpp */,
			);
			name = AdaBoost;
			sourceTree = "<group>";
		};
		8778A7BB18321CBF00824EE6 /* Components */ = {
			isa = PBXGroup;
			children = (
				874F68A5182F873A004FA324 /* MSERegion.h */,
				874F68A4182F873A004FA324 /* MSERegion.cpp */,
				874F689B182AFEBD004FA324 /* Object.h */,
				874F689A182AFEBD004FA324 /* Object.cpp */,
				874F689E182AFECD004FA324 /* Text.h */,
				874F689D182AFECD004FA324 /* Text.cpp */,
			);
			name = Components;
			sourceTree = "<group>";
		};
		FEBDFFD6183511F20037BC64 /* CVMethods */ = {
			isa = PBXGroup;
			children = (
				FE46B394182A362C0070725A /* Mycv.h */,
				FE46B393182A362C0070725A /* Mycv.cpp */,
				87259FEF1837C9CD00DBEEF3 /* ObjectDetector.h */,
				87259FEE1837C9CC00DBEEF3 /* ObjectDetector.cpp */,
				87259FF21837D1EB00DBEEF3 /* TextDetector.h */,
				87259FF11837D1EA00DBEEF3 /* TextDetector.cpp */,
				FE46B397182A36B00070725A /* Draw.h */,
				FE46B396182A36B00070725A /* Draw.cpp */,
				8778A7BB18321CBF00824EE6 /* Components */,
			);
			name = CVMethods;
			sourceTree = "<group>";
		};
/* End PBXGroup section */

/* Begin PBXNativeTarget section */
		875D49DC182A106B00495344 /* ActiveLearner */ = {
			isa = PBXNativeTarget;
			buildConfigurationList = 875D49FD182A106B00495344 /* Build configuration list for PBXNativeTarget "ActiveLearner" */;
			buildPhases = (
				875D49D9182A106B00495344 /* Sources */,
				875D49DA182A106B00495344 /* Frameworks */,
				875D49DB182A106B00495344 /* Resources */,
			);
			buildRules = (
			);
			dependencies = (
			);
			name = ActiveLearner;
			productName = ActiveLearner;
			productReference = 875D49DD182A106B00495344 /* ActiveLearner.app */;
			productType = "com.apple.product-type.application";
		};
/* End PBXNativeTarget section */

/* Begin PBXProject section */
		875D49D5182A106B00495344 /* Project object */ = {
			isa = PBXProject;
			attributes = {
				LastUpgradeCheck = 0460;
				ORGANIZATIONNAME = baba;
			};
			buildConfigurationList = 875D49D8182A106B00495344 /* Build configuration list for PBXProject "ActiveLearner" */;
			compatibilityVersion = "Xcode 3.2";
			developmentRegion = English;
			hasScannedForEncodings = 0;
			knownRegions = (
				en,
			);
			mainGroup = 875D49D4182A106B00495344;
			productRefGroup = 875D49DE182A106B00495344 /* Products */;
			projectDirPath = "";
			projectRoot = "";
			targets = (
				875D49DC182A106B00495344 /* ActiveLearner */,
			);
		};
/* End PBXProject section */

/* Begin PBXResourcesBuildPhase section */
		875D49DB182A106B00495344 /* Resources */ = {
			isa = PBXResourcesBuildPhase;
			buildActionMask = 2147483647;
			files = (
				875D49EB182A106B00495344 /* InfoPlist.strings in Resources */,
				875D49F1182A106B00495344 /* Credits.rtf in Resources */,
				875D49F7182A106B00495344 /* MainMenu.xib in Resources */,
			);
			runOnlyForDeploymentPostprocessing = 0;
		};
/* End PBXResourcesBuildPhase section */

/* Begin PBXSourcesBuildPhase section */
		875D49D9182A106B00495344 /* Sources */ = {
			isa = PBXSourcesBuildPhase;
			buildActionMask = 2147483647;
			files = (
				875D49ED182A106B00495344 /* main.m in Sources */,
				875D49F4182A106B00495344 /* AppDelegate.m in Sources */,
				875D49FA182A106B00495344 /* ActiveLearner.xcdatamodeld in Sources */,
				FE46B395182A362C0070725A /* Mycv.cpp in Sources */,
				FE46B398182A36B00070725A /* Draw.cpp in Sources */,
				874F6890182AF6E5004FA324 /* Controller.m in Sources */,
				874F6891182AF6EC004FA324 /* XmlMaker.m in Sources */,
				874F6892182AF6F1004FA324 /* Truth.m in Sources */,
				874F6893182AF714004FA324 /* Model.m in Sources */,
				874F6894182AF722004FA324 /* FileDialogController.m in Sources */,
				874F6895182AF729004FA324 /* ImgView.m in Sources */,
				874F6896182AF72E004FA324 /* RectView.m in Sources */,
				874F6897182AF731004FA324 /* InputView.m in Sources */,
				874F6898182AF738004FA324 /* Processor.mm in Sources */,
				874F689C182AFEBD004FA324 /* Object.cpp in Sources */,
				874F689F182AFECD004FA324 /* Text.cpp in Sources */,
				874F68A7182F88AC004FA324 /* MSERegion.cpp in Sources */,
				87259FE1183246BF00DBEEF3 /* AdaBoost.cpp in Sources */,
				87259FE4183246F600DBEEF3 /* AdaBoostResult.cpp in Sources */,
				87259FE71832472C00DBEEF3 /* WeakClassifier.cpp in Sources */,
				87259FEA1832475900DBEEF3 /* StrongClassifier.cpp in Sources */,
				87259FED1832479A00DBEEF3 /* Sample.cpp in Sources */,
				87259FF01837C9CD00DBEEF3 /* ObjectDetector.cpp in Sources */,
				87259FF31837D1EB00DBEEF3 /* TextDetector.cpp in Sources */,
			);
			runOnlyForDeploymentPostprocessing = 0;
		};
/* End PBXSourcesBuildPhase section */

/* Begin PBXVariantGroup section */
		875D49E9182A106B00495344 /* InfoPlist.strings */ = {
			isa = PBXVariantGroup;
			children = (
				875D49EA182A106B00495344 /* en */,
			);
			name = InfoPlist.strings;
			sourceTree = "<group>";
		};
		875D49EF182A106B00495344 /* Credits.rtf */ = {
			isa = PBXVariantGroup;
			children = (
				875D49F0182A106B00495344 /* en */,
			);
			name = Credits.rtf;
			sourceTree = "<group>";
		};
		875D49F5182A106B00495344 /* MainMenu.xib */ = {
			isa = PBXVariantGroup;
			children = (
				875D49F6182A106B00495344 /* en */,
			);
			name = MainMenu.xib;
			sourceTree = "<group>";
		};
/* End PBXVariantGroup section */

/* Begin XCBuildConfiguration section */
		875D49FB182A106B00495344 /* Debug */ = {
			isa = XCBuildConfiguration;
			buildSettings = {
				ALWAYS_SEARCH_USER_PATHS = NO;
				ARCHS = "$(ARCHS_STANDARD_64_BIT)";
				CLANG_CXX_LANGUAGE_STANDARD = "gnu++0x";
				CLANG_CXX_LIBRARY = "libc++";
				CLANG_ENABLE_OBJC_ARC = YES;
				CLANG_WARN_CONSTANT_CONVERSION = YES;
				CLANG_WARN_EMPTY_BODY = YES;
				CLANG_WARN_ENUM_CONVERSION = YES;
				CLANG_WARN_INT_CONVERSION = YES;
				CLANG_WARN__DUPLICATE_METHOD_MATCH = YES;
				COPY_PHASE_STRIP = NO;
				GCC_C_LANGUAGE_STANDARD = gnu99;
				GCC_DYNAMIC_NO_PIC = NO;
				GCC_ENABLE_OBJC_EXCEPTIONS = YES;
				GCC_OPTIMIZATION_LEVEL = 0;
				GCC_PREPROCESSOR_DEFINITIONS = (
					"DEBUG=1",
					"$(inherited)",
				);
				GCC_SYMBOLS_PRIVATE_EXTERN = NO;
				GCC_WARN_64_TO_32_BIT_CONVERSION = YES;
				GCC_WARN_ABOUT_RETURN_TYPE = YES;
				GCC_WARN_UNINITIALIZED_AUTOS = YES;
				GCC_WARN_UNUSED_VARIABLE = YES;
				MACOSX_DEPLOYMENT_TARGET = 10.7;
				ONLY_ACTIVE_ARCH = YES;
				SDKROOT = macosx;
			};
			name = Debug;
		};
		875D49FC182A106B00495344 /* Release */ = {
			isa = XCBuildConfiguration;
			buildSettings = {
				ALWAYS_SEARCH_USER_PATHS = NO;
				ARCHS = "$(ARCHS_STANDARD_64_BIT)";
				CLANG_CXX_LANGUAGE_STANDARD = "gnu++0x";
				CLANG_CXX_LIBRARY = "libc++";
				CLANG_ENABLE_OBJC_ARC = YES;
				CLANG_WARN_CONSTANT_CONVERSION = YES;
				CLANG_WARN_EMPTY_BODY = YES;
				CLANG_WARN_ENUM_CONVERSION = YES;
				CLANG_WARN_INT_CONVERSION = YES;
				CLANG_WARN__DUPLICATE_METHOD_MATCH = YES;
				COPY_PHASE_STRIP = YES;
				DEBUG_INFORMATION_FORMAT = "dwarf-with-dsym";
				GCC_C_LANGUAGE_STANDARD = gnu99;
				GCC_ENABLE_OBJC_EXCEPTIONS = YES;
				GCC_WARN_64_TO_32_BIT_CONVERSION = YES;
				GCC_WARN_ABOUT_RETURN_TYPE = YES;
				GCC_WARN_UNINITIALIZED_AUTOS = YES;
				GCC_WARN_UNUSED_VARIABLE = YES;
				MACOSX_DEPLOYMENT_TARGET = 10.7;
				SDKROOT = macosx;
			};
			name = Release;
		};
		875D49FE182A106B00495344 /* Debug */ = {
			isa = XCBuildConfiguration;
			buildSettings = {
				CLANG_CXX_LIBRARY = "libstdc++";
				COMBINE_HIDPI_IMAGES = YES;
				GCC_PRECOMPILE_PREFIX_HEADER = YES;
				GCC_PREFIX_HEADER = "ActiveLearner/ActiveLearner-Prefix.pch";
				HEADER_SEARCH_PATHS = /opt/local/include;
				INFOPLIST_FILE = "ActiveLearner/ActiveLearner-Info.plist";
				LIBRARY_SEARCH_PATHS = (
					"$(inherited)",
					"\"$(SRCROOT)\"",
					/opt/local/lib,
				);
				PRODUCT_NAME = "$(TARGET_NAME)";
				WRAPPER_EXTENSION = app;
			};
			name = Debug;
		};
		875D49FF182A106B00495344 /* Release */ = {
			isa = XCBuildConfiguration;
			buildSettings = {
				CLANG_CXX_LIBRARY = "libstdc++";
				COMBINE_HIDPI_IMAGES = YES;
				GCC_PRECOMPILE_PREFIX_HEADER = YES;
				GCC_PREFIX_HEADER = "ActiveLearner/ActiveLearner-Prefix.pch";
				HEADER_SEARCH_PATHS = /opt/local/include;
				INFOPLIST_FILE = "ActiveLearner/ActiveLearner-Info.plist";
				LIBRARY_SEARCH_PATHS = (
					"$(inherited)",
					"\"$(SRCROOT)\"",
					/opt/local/lib,
				);
				PRODUCT_NAME = "$(TARGET_NAME)";
				WRAPPER_EXTENSION = app;
			};
			name = Release;
		};
/* End XCBuildConfiguration section */

/* Begin XCConfigurationList section */
		875D49D8182A106B00495344 /* Build configuration list for PBXProject "ActiveLearner" */ = {
			isa = XCConfigurationList;
			buildConfigurations = (
				875D49FB182A106B00495344 /* Debug */,
				875D49FC182A106B00495344 /* Release */,
			);
			defaultConfigurationIsVisible = 0;
			defaultConfigurationName = Release;
		};
		875D49FD182A106B00495344 /* Build configuration list for PBXNativeTarget "ActiveLearner" */ = {
			isa = XCConfigurationList;
			buildConfigurations = (
				875D49FE182A106B00495344 /* Debug */,
				875D49FF182A106B00495344 /* Release */,
			);
			defaultConfigurationIsVisible = 0;
			defaultConfigurationName = Release;
		};
/* End XCConfigurationList section */

/* Begin XCVersionGroup section */
		875D49F8182A106B00495344 /* ActiveLearner.xcdatamodeld */ = {
			isa = XCVersionGroup;
			children = (
				875D49F9182A106B00495344 /* ActiveLearner.xcdatamodel */,
			);
			currentVersion = 875D49F9182A106B00495344 /* ActiveLearner.xcdatamodel */;
			path = ActiveLearner.xcdatamodeld;
			sourceTree = "<group>";
			versionGroupType = wrapper.xcdatamodel;
		};
/* End XCVersionGroup section */
	};
	rootObject = 875D49D5182A106B00495344 /* Project object */;
}
